
Microsoft Visual Studio Solution File, Format Version 12.00
# Visual Studio Version 17
VisualStudioVersion = 17.3.32929.385
MinimumVisualStudioVersion = 10.0.40219.1
Project("{FAE04EC0-301F-11D3-BF4B-00C04F79EFBC}") = "PCCleaner.Desktop", "PCCleaner.Desktop\PCCleaner.Desktop.csproj", "{B6E83093-41F2-4D86-9A1D-48B3CD649D8A}"
EndProject
Project("{FAE04EC0-301F-11D3-BF4B-00C04F79EFBC}") = "PCCleaner.Core", "PCCleaner.Core\PCCleaner.Core.csproj", "{B993F5B0-8FBC-484F-957C-7EFA69B3630E}"
EndProject
Project("{FAE04EC0-301F-11D3-BF4B-00C04F79EFBC}") = "PCCleanerTests", "PCCleanerTests\PCCleanerTests.csproj", "{9CDB5A00-71E7-4377-B2EC-113B5F464A69}"
EndProject
Global
	GlobalSection(SolutionConfigurationPlatforms) = preSolution
		Debug|Any CPU = Debug|Any CPU
		Release|Any CPU = Release|Any CPU
	EndGlobalSection
	GlobalSection(ProjectConfigurationPlatforms) = postSolution
		{B6E83093-41F2-4D86-9A1D-48B3CD649D8A}.Debug|Any CPU.ActiveCfg = Debug|Any CPU
		{B6E83093-41F2-4D86-9A1D-48B3CD649D8A}.Debug|Any CPU.Build.0 = Debug|Any CPU
		{B6E83093-41F2-4D86-9A1D-48B3CD649D8A}.Release|Any CPU.ActiveCfg = Release|Any CPU
		{B6E83093-41F2-4D86-9A1D-48B3CD649D8A}.Release|Any CPU.Build.0 = Release|Any CPU
		{B993F5B0-8FBC-484F-957C-7EFA69B3630E}.Debug|Any CPU.ActiveCfg = Debug|Any CPU
		{B993F5B0-8FBC-484F-957C-7EFA69B3630E}.Debug|Any CPU.Build.0 = Debug|Any CPU
		{B993F5B0-8FBC-484F-957C-7EFA69B3630E}.Release|Any CPU.ActiveCfg = Release|Any CPU
		{B993F5B0-8FBC-484F-957C-7EFA69B3630E}.Release|Any CPU.Build.0 = Release|Any CPU
		{9CDB5A00-71E7-4377-B2EC-113B5F464A69}.Debug|Any CPU.ActiveCfg = Debug|Any CPU
		{9CDB5A00-71E7-4377-B2EC-113B5F464A69}.Debug|Any CPU.Build.0 = Debug|Any CPU
		{9CDB5A00-71E7-4377-B2EC-113B5F464A69}.Release|Any CPU.ActiveCfg = Release|Any CPU
		{9CDB5A00-71E7-4377-B2EC-113B5F464A69}.Release|Any CPU.Build.0 = Release|Any CPU
	EndGlobalSection
	GlobalSection(SolutionProperties) = preSolution
		HideSolutionNode = FALSE
	EndGlobalSection
	GlobalSection(ExtensibilityGlobals) = postSolution
		SolutionGuid = {8212D845-D80E-4DB4-B1FD-61A101F4E33D}
	EndGlobalSection
EndGlobal
